
Microsoft Visual Studio Solution File, Format Version 12.00
# Visual Studio Version 16
VisualStudioVersion = 16.0.29609.76
MinimumVisualStudioVersion = 10.0.40219.1
Project("{FAE04EC0-301F-11D3-BF4B-00C04F79EFBC}") = "number", "number\number.csproj", "{12663146-26A6-4CA7-8C59-AE27CDE3C860}"
EndProject
Global
	GlobalSection(SolutionConfigurationPlatforms) = preSolution
		Debug|Any CPU = Debug|Any CPU
		Release|Any CPU = Release|Any CPU
	EndGlobalSection
	GlobalSection(ProjectConfigurationPlatforms) = postSolution
		{12663146-26A6-4CA7-8C59-AE27CDE3C860}.Debug|Any CPU.ActiveCfg = Debug|Any CPU
		{12663146-26A6-4CA7-8C59-AE27CDE3C860}.Debug|Any CPU.Build.0 = Debug|Any CPU
		{12663146-26A6-4CA7-8C59-AE27CDE3C860}.Release|Any CPU.ActiveCfg = Release|Any CPU
		{12663146-26A6-4CA7-8C59-AE27CDE3C860}.Release|Any CPU.Build.0 = Release|Any CPU
	EndGlobalSection
	GlobalSection(SolutionProperties) = preSolution
		HideSolutionNode = FALSE
	EndGlobalSection
	GlobalSection(ExtensibilityGlobals) = postSolution
		SolutionGuid = {6B0AB4A8-C20B-4E50-819F-00AE51066252}
	EndGlobalSection
EndGlobal
